
Microsoft Visual Studio Solution File, Format Version 10.00
# Visual Studio 2008
Project("{FAE04EC0-301F-11D3-BF4B-00C04F79EFBC}") = "lessCompiler", "lessCompiler\lessCompiler.csproj", "{795E9AE7-B34E-494C-A3D0-CBD6297BC18F}"
EndProject
Global
	GlobalSection(SolutionConfigurationPlatforms) = preSolution
		Debug|Any CPU = Debug|Any CPU
		Release|Any CPU = Release|Any CPU
	EndGlobalSection
	GlobalSection(ProjectConfigurationPlatforms) = postSolution
		{795E9AE7-B34E-494C-A3D0-CBD6297BC18F}.Debug|Any CPU.ActiveCfg = Debug|Any CPU
		{795E9AE7-B34E-494C-A3D0-CBD6297BC18F}.Debug|Any CPU.Build.0 = Debug|Any CPU
		{795E9AE7-B34E-494C-A3D0-CBD6297BC18F}.Release|Any CPU.ActiveCfg = Release|Any CPU
		{795E9AE7-B34E-494C-A3D0-CBD6297BC18F}.Release|Any CPU.Build.0 = Release|Any CPU
	EndGlobalSection
	GlobalSection(SolutionProperties) = preSolution
		HideSolutionNode = FALSE
	EndGlobalSection
EndGlobal
